
Microsoft Visual Studio Solution File, Format Version 12.00
Project("{FAE04EC0-301F-11D3-BF4B-00C04F79EFBC}") = "AzureEnterpriseApplicationOrchestrator", "AzureEnterpriseApplicationOrchestrator\AzureEnterpriseApplicationOrchestrator.csproj", "{51A6B345-EFCF-4B84-B863-447B72E8E381}"
EndProject
Project("{FAE04EC0-301F-11D3-BF4B-00C04F79EFBC}") = "AzureEnterpriseApplicationOrchestratorTests", "AzureEnterpriseApplicationOrchestratorTests\AzureEnterpriseApplicationOrchestratorTests.csproj", "{CF3213FC-F053-4409-9FBA-55978319FB6D}"
EndProject
Global
	GlobalSection(SolutionConfigurationPlatforms) = preSolution
		Debug|Any CPU = Debug|Any CPU
		Release|Any CPU = Release|Any CPU
	EndGlobalSection
	GlobalSection(ProjectConfigurationPlatforms) = postSolution
		{51A6B345-EFCF-4B84-B863-447B72E8E381}.Debug|Any CPU.ActiveCfg = Debug|Any CPU
		{51A6B345-EFCF-4B84-B863-447B72E8E381}.Debug|Any CPU.Build.0 = Debug|Any CPU
		{51A6B345-EFCF-4B84-B863-447B72E8E381}.Release|Any CPU.ActiveCfg = Release|Any CPU
		{51A6B345-EFCF-4B84-B863-447B72E8E381}.Release|Any CPU.Build.0 = Release|Any CPU
		{CF3213FC-F053-4409-9FBA-55978319FB6D}.Debug|Any CPU.ActiveCfg = Debug|Any CPU
		{CF3213FC-F053-4409-9FBA-55978319FB6D}.Debug|Any CPU.Build.0 = Debug|Any CPU
		{CF3213FC-F053-4409-9FBA-55978319FB6D}.Release|Any CPU.ActiveCfg = Release|Any CPU
		{CF3213FC-F053-4409-9FBA-55978319FB6D}.Release|Any CPU.Build.0 = Release|Any CPU
	EndGlobalSection
EndGlobal
